
Microsoft Visual Studio Solution File, Format Version 12.00
# Visual Studio Version 17
VisualStudioVersion = 17.9.34723.18
MinimumVisualStudioVersion = 10.0.40219.1
Project("{FAE04EC0-301F-11D3-BF4B-00C04F79EFBC}") = "ConsolaAPi", "ConsolaAPi\ConsolaAPi.csproj", "{08645BA5-0A90-4E76-A220-21CD81D5C917}"
EndProject
Global
	GlobalSection(SolutionConfigurationPlatforms) = preSolution
		Debug|Any CPU = Debug|Any CPU
		Release|Any CPU = Release|Any CPU
	EndGlobalSection
	GlobalSection(ProjectConfigurationPlatforms) = postSolution
		{08645BA5-0A90-4E76-A220-21CD81D5C917}.Debug|Any CPU.ActiveCfg = Debug|Any CPU
		{08645BA5-0A90-4E76-A220-21CD81D5C917}.Debug|Any CPU.Build.0 = Debug|Any CPU
		{08645BA5-0A90-4E76-A220-21CD81D5C917}.Release|Any CPU.ActiveCfg = Release|Any CPU
		{08645BA5-0A90-4E76-A220-21CD81D5C917}.Release|Any CPU.Build.0 = Release|Any CPU
	EndGlobalSection
	GlobalSection(SolutionProperties) = preSolution
		HideSolutionNode = FALSE
	EndGlobalSection
	GlobalSection(ExtensibilityGlobals) = postSolution
		SolutionGuid = {AF138546-344B-4949-AD63-7CE1641F22AD}
	EndGlobalSection
EndGlobal
